
Microsoft Visual Studio Solution File, Format Version 12.00
# Visual Studio 2012
Project("{2150E333-8FDC-42A3-9474-1A3956D46DE8}") = "src", "src", "{70EACDE8-4167-4156-9816-D5184CFE0F4E}"
EndProject
Project("{FAE04EC0-301F-11D3-BF4B-00C04F79EFBC}") = "bd.machine.dal", "src\dal\bd.machine.dal.csproj", "{AC8493F7-3C5E-4271-97AD-177D1EAAD801}"
EndProject
Project("{FAE04EC0-301F-11D3-BF4B-00C04F79EFBC}") = "bd.machine.bal", "src\bal\bd.machine.bal.csproj", "{3783DC99-CFF9-48DD-ACEF-2C92ACF3C21E}"
EndProject
Project("{FAE04EC0-301F-11D3-BF4B-00C04F79EFBC}") = "bd.machine.crawler", "src\crawler\bd.machine.crawler.csproj", "{92D3609E-04D6-49C6-B885-0ABA2AB7579A}"
EndProject
Project("{2150E333-8FDC-42A3-9474-1A3956D46DE8}") = "Solution Items", "Solution Items", "{2EAFB4F2-72F3-4720-BBBB-1BC9F1D725E2}"
	ProjectSection(SolutionItems) = preProject
		docker-compose.yml = docker-compose.yml
		Dockerfile-crawler = Dockerfile-crawler
		Dockerfile-webapp = Dockerfile-webapp
		Dockerfile-anaconda = Dockerfile-anaconda
		Dockerfile-localtunnel = Dockerfile-localtunnel
		Dockerfile-hostcrawler = Dockerfile-hostcrawler
		Dockerfile-urlcrawler = Dockerfile-urlcrawler
	EndProjectSection
EndProject
Project("{FAE04EC0-301F-11D3-BF4B-00C04F79EFBC}") = "bd.machine.webApp", "src\webApp\bd.machine.webApp.csproj", "{66980DBA-9192-4971-819C-287434A000DD}"
EndProject
Project("{FAE04EC0-301F-11D3-BF4B-00C04F79EFBC}") = "bd.machine.hostCrawler", "src\hostCrawler\bd.machine.hostCrawler.csproj", "{1F6F9620-7EEE-437D-8197-53ACD8E26B6E}"
EndProject
Project("{FAE04EC0-301F-11D3-BF4B-00C04F79EFBC}") = "bd.machine.urlCrawler", "src\urlCrawler\bd.machine.urlCrawler.csproj", "{58251D3A-D781-4D15-8010-ADF894A9A3EC}"
EndProject
Project("{FAE04EC0-301F-11D3-BF4B-00C04F79EFBC}") = "bd.machine.webAppBot", "src\webAppBot\bd.machine.webAppBot.csproj", "{47A17466-C045-4235-8916-9A3AF4109EBB}"
EndProject
Project("{2150E333-8FDC-42A3-9474-1A3956D46DE8}") = "crawler", "crawler", "{B8DD6572-7C5F-44D8-B424-9EA110EE0932}"
EndProject
Project("{FAE04EC0-301F-11D3-BF4B-00C04F79EFBC}") = "bd.machine.titleCrawler", "src\titleCrawler\bd.machine.titleCrawler.csproj", "{E17CAEA4-B75F-4975-A855-7FA0C5D810F2}"
EndProject
Project("{2150E333-8FDC-42A3-9474-1A3956D46DE8}") = "bots", "bots", "{75D93CB5-DE9F-45E8-AC3B-2081967449AB}"
EndProject
Project("{2150E333-8FDC-42A3-9474-1A3956D46DE8}") = "common", "common", "{354AB11D-2DDF-4C05-8016-615E5638EFAD}"
EndProject
Project("{2150E333-8FDC-42A3-9474-1A3956D46DE8}") = "webApps", "webApps", "{6599B485-EE4E-4387-BE1E-B123C525B625}"
EndProject
Global
	GlobalSection(SolutionConfigurationPlatforms) = preSolution
		Debug|x86 = Debug|x86
		Release|x86 = Release|x86
	EndGlobalSection
	GlobalSection(ProjectConfigurationPlatforms) = postSolution
		{AC8493F7-3C5E-4271-97AD-177D1EAAD801}.Debug|x86.ActiveCfg = Debug|Any CPU
		{AC8493F7-3C5E-4271-97AD-177D1EAAD801}.Debug|x86.Build.0 = Debug|Any CPU
		{AC8493F7-3C5E-4271-97AD-177D1EAAD801}.Release|x86.ActiveCfg = Release|Any CPU
		{AC8493F7-3C5E-4271-97AD-177D1EAAD801}.Release|x86.Build.0 = Release|Any CPU
		{3783DC99-CFF9-48DD-ACEF-2C92ACF3C21E}.Debug|x86.ActiveCfg = Debug|Any CPU
		{3783DC99-CFF9-48DD-ACEF-2C92ACF3C21E}.Debug|x86.Build.0 = Debug|Any CPU
		{3783DC99-CFF9-48DD-ACEF-2C92ACF3C21E}.Release|x86.ActiveCfg = Release|Any CPU
		{3783DC99-CFF9-48DD-ACEF-2C92ACF3C21E}.Release|x86.Build.0 = Release|Any CPU
		{92D3609E-04D6-49C6-B885-0ABA2AB7579A}.Debug|x86.ActiveCfg = Debug|x86
		{92D3609E-04D6-49C6-B885-0ABA2AB7579A}.Debug|x86.Build.0 = Debug|x86
		{92D3609E-04D6-49C6-B885-0ABA2AB7579A}.Release|x86.ActiveCfg = Release|x86
		{92D3609E-04D6-49C6-B885-0ABA2AB7579A}.Release|x86.Build.0 = Release|x86
		{66980DBA-9192-4971-819C-287434A000DD}.Debug|x86.ActiveCfg = Debug|Any CPU
		{66980DBA-9192-4971-819C-287434A000DD}.Debug|x86.Build.0 = Debug|Any CPU
		{66980DBA-9192-4971-819C-287434A000DD}.Release|x86.ActiveCfg = Release|Any CPU
		{66980DBA-9192-4971-819C-287434A000DD}.Release|x86.Build.0 = Release|Any CPU
		{1F6F9620-7EEE-437D-8197-53ACD8E26B6E}.Debug|x86.ActiveCfg = Debug|x86
		{1F6F9620-7EEE-437D-8197-53ACD8E26B6E}.Debug|x86.Build.0 = Debug|x86
		{1F6F9620-7EEE-437D-8197-53ACD8E26B6E}.Release|x86.ActiveCfg = Release|x86
		{1F6F9620-7EEE-437D-8197-53ACD8E26B6E}.Release|x86.Build.0 = Release|x86
		{58251D3A-D781-4D15-8010-ADF894A9A3EC}.Debug|x86.ActiveCfg = Debug|x86
		{58251D3A-D781-4D15-8010-ADF894A9A3EC}.Debug|x86.Build.0 = Debug|x86
		{58251D3A-D781-4D15-8010-ADF894A9A3EC}.Release|x86.ActiveCfg = Release|x86
		{58251D3A-D781-4D15-8010-ADF894A9A3EC}.Release|x86.Build.0 = Release|x86
		{47A17466-C045-4235-8916-9A3AF4109EBB}.Debug|x86.ActiveCfg = Debug|x86
		{47A17466-C045-4235-8916-9A3AF4109EBB}.Debug|x86.Build.0 = Debug|x86
		{47A17466-C045-4235-8916-9A3AF4109EBB}.Release|x86.ActiveCfg = Release|x86
		{47A17466-C045-4235-8916-9A3AF4109EBB}.Release|x86.Build.0 = Release|x86
		{E17CAEA4-B75F-4975-A855-7FA0C5D810F2}.Debug|x86.ActiveCfg = Debug|x86
		{E17CAEA4-B75F-4975-A855-7FA0C5D810F2}.Debug|x86.Build.0 = Debug|x86
		{E17CAEA4-B75F-4975-A855-7FA0C5D810F2}.Release|x86.ActiveCfg = Release|x86
		{E17CAEA4-B75F-4975-A855-7FA0C5D810F2}.Release|x86.Build.0 = Release|x86
	EndGlobalSection
	GlobalSection(NestedProjects) = preSolution
		{AC8493F7-3C5E-4271-97AD-177D1EAAD801} = {354AB11D-2DDF-4C05-8016-615E5638EFAD}
		{3783DC99-CFF9-48DD-ACEF-2C92ACF3C21E} = {354AB11D-2DDF-4C05-8016-615E5638EFAD}
		{92D3609E-04D6-49C6-B885-0ABA2AB7579A} = {B8DD6572-7C5F-44D8-B424-9EA110EE0932}
		{66980DBA-9192-4971-819C-287434A000DD} = {6599B485-EE4E-4387-BE1E-B123C525B625}
		{1F6F9620-7EEE-437D-8197-53ACD8E26B6E} = {B8DD6572-7C5F-44D8-B424-9EA110EE0932}
		{58251D3A-D781-4D15-8010-ADF894A9A3EC} = {B8DD6572-7C5F-44D8-B424-9EA110EE0932}
		{47A17466-C045-4235-8916-9A3AF4109EBB} = {75D93CB5-DE9F-45E8-AC3B-2081967449AB}
		{B8DD6572-7C5F-44D8-B424-9EA110EE0932} = {70EACDE8-4167-4156-9816-D5184CFE0F4E}
		{E17CAEA4-B75F-4975-A855-7FA0C5D810F2} = {B8DD6572-7C5F-44D8-B424-9EA110EE0932}
		{75D93CB5-DE9F-45E8-AC3B-2081967449AB} = {70EACDE8-4167-4156-9816-D5184CFE0F4E}
		{354AB11D-2DDF-4C05-8016-615E5638EFAD} = {70EACDE8-4167-4156-9816-D5184CFE0F4E}
		{6599B485-EE4E-4387-BE1E-B123C525B625} = {70EACDE8-4167-4156-9816-D5184CFE0F4E}
	EndGlobalSection
EndGlobal
